
Microsoft Visual Studio Solution File, Format Version 12.00
# Visual Studio 15
VisualStudioVersion = 15.0.28307.1062
MinimumVisualStudioVersion = 10.0.40219.1
Project("{FAE04EC0-301F-11D3-BF4B-00C04F79EFBC}") = "WebClient", "WebClient\WebClient.csproj", "{5BFC7836-F7EB-4DFB-87A3-1456D0ECC8E6}"
EndProject
Global
	GlobalSection(SolutionConfigurationPlatforms) = preSolution
		Debug|Any CPU = Debug|Any CPU
		Release|Any CPU = Release|Any CPU
	EndGlobalSection
	GlobalSection(ProjectConfigurationPlatforms) = postSolution
		{5BFC7836-F7EB-4DFB-87A3-1456D0ECC8E6}.Debug|Any CPU.ActiveCfg = Debug|Any CPU
		{5BFC7836-F7EB-4DFB-87A3-1456D0ECC8E6}.Debug|Any CPU.Build.0 = Debug|Any CPU
		{5BFC7836-F7EB-4DFB-87A3-1456D0ECC8E6}.Release|Any CPU.ActiveCfg = Release|Any CPU
		{5BFC7836-F7EB-4DFB-87A3-1456D0ECC8E6}.Release|Any CPU.Build.0 = Release|Any CPU
	EndGlobalSection
	GlobalSection(SolutionProperties) = preSolution
		HideSolutionNode = FALSE
	EndGlobalSection
	GlobalSection(ExtensibilityGlobals) = postSolution
		SolutionGuid = {58394A5B-C602-461E-9788-9B7409915DF1}
	EndGlobalSection
EndGlobal
