
Microsoft Visual Studio Solution File, Format Version 12.00
# Visual Studio 15
VisualStudioVersion = 15.0.28307.1062
MinimumVisualStudioVersion = 10.0.40219.1
Project("{FAE04EC0-301F-11D3-BF4B-00C04F79EFBC}") = "EventService", "EventService\EventService.csproj", "{4753E1A1-612D-4BAD-9056-0BBF5FCEF565}"
EndProject
Project("{FAE04EC0-301F-11D3-BF4B-00C04F79EFBC}") = "EventHost", "EventHost\EventHost.csproj", "{D4640CD4-6ABF-4F50-9870-4FEFD6BCF178}"
EndProject
Global
	GlobalSection(SolutionConfigurationPlatforms) = preSolution
		Debug|Any CPU = Debug|Any CPU
		Release|Any CPU = Release|Any CPU
	EndGlobalSection
	GlobalSection(ProjectConfigurationPlatforms) = postSolution
		{4753E1A1-612D-4BAD-9056-0BBF5FCEF565}.Debug|Any CPU.ActiveCfg = Debug|Any CPU
		{4753E1A1-612D-4BAD-9056-0BBF5FCEF565}.Debug|Any CPU.Build.0 = Debug|Any CPU
		{4753E1A1-612D-4BAD-9056-0BBF5FCEF565}.Release|Any CPU.ActiveCfg = Release|Any CPU
		{4753E1A1-612D-4BAD-9056-0BBF5FCEF565}.Release|Any CPU.Build.0 = Release|Any CPU
		{D4640CD4-6ABF-4F50-9870-4FEFD6BCF178}.Debug|Any CPU.ActiveCfg = Debug|Any CPU
		{D4640CD4-6ABF-4F50-9870-4FEFD6BCF178}.Debug|Any CPU.Build.0 = Debug|Any CPU
		{D4640CD4-6ABF-4F50-9870-4FEFD6BCF178}.Release|Any CPU.ActiveCfg = Release|Any CPU
		{D4640CD4-6ABF-4F50-9870-4FEFD6BCF178}.Release|Any CPU.Build.0 = Release|Any CPU
	EndGlobalSection
	GlobalSection(SolutionProperties) = preSolution
		HideSolutionNode = FALSE
	EndGlobalSection
	GlobalSection(ExtensibilityGlobals) = postSolution
		SolutionGuid = {A235C391-C24A-477B-BCC8-BB4F123A6065}
	EndGlobalSection
EndGlobal
